
Microsoft Visual Studio Solution File, Format Version 12.00
# Visual Studio 14
VisualStudioVersion = 14.0.25420.1
MinimumVisualStudioVersion = 10.0.40219.1
Project("{FAE04EC0-301F-11D3-BF4B-00C04F79EFBC}") = "PostApp", "PostApp\PostApp\PostApp.csproj", "{CFDF8185-7471-4EC1-A862-AC5BA59D0503}"
EndProject
Project("{FAE04EC0-301F-11D3-BF4B-00C04F79EFBC}") = "PostApp.Droid", "PostApp\PostApp.Droid\PostApp.Droid.csproj", "{88766CBD-6188-4392-9C87-4E5216C519CB}"
EndProject
Project("{FAE04EC0-301F-11D3-BF4B-00C04F79EFBC}") = "PostApp.iOS", "PostApp\PostApp.iOS\PostApp.iOS.csproj", "{82C07B11-985D-4638-B13E-6AE41E80F03F}"
EndProject
Project("{FAE04EC0-301F-11D3-BF4B-00C04F79EFBC}") = "PostApp.WinPhone", "PostApp\PostApp.WinPhone\PostApp.WinPhone.csproj", "{313C8C9B-3431-44C5-925C-E66B0D8BCA39}"
EndProject
Project("{FAE04EC0-301F-11D3-BF4B-00C04F79EFBC}") = "PostApp.UWP", "PostApp\PostApp.UWP\PostApp.UWP.csproj", "{C9FF5077-62B7-4669-B489-C32F311B2054}"
EndProject
Project("{FAE04EC0-301F-11D3-BF4B-00C04F79EFBC}") = "PostApp.Windows", "PostApp\PostApp.Windows\PostApp.Windows.csproj", "{48CBA9B1-8A38-4548-9198-8D429935FE12}"
EndProject
Project("{FAE04EC0-301F-11D3-BF4B-00C04F79EFBC}") = "PostApp.Api", "PostApp.Api\PostApp.Api.csproj", "{67F9D3A8-F71E-4428-913F-C37AE82CDB24}"
EndProject
Global
	GlobalSection(SolutionConfigurationPlatforms) = preSolution
		Ad-Hoc|Any CPU = Ad-Hoc|Any CPU
		Ad-Hoc|ARM = Ad-Hoc|ARM
		Ad-Hoc|iPhone = Ad-Hoc|iPhone
		Ad-Hoc|iPhoneSimulator = Ad-Hoc|iPhoneSimulator
		Ad-Hoc|x64 = Ad-Hoc|x64
		Ad-Hoc|x86 = Ad-Hoc|x86
		AppStore|Any CPU = AppStore|Any CPU
		AppStore|ARM = AppStore|ARM
		AppStore|iPhone = AppStore|iPhone
		AppStore|iPhoneSimulator = AppStore|iPhoneSimulator
		AppStore|x64 = AppStore|x64
		AppStore|x86 = AppStore|x86
		Debug|Any CPU = Debug|Any CPU
		Debug|ARM = Debug|ARM
		Debug|iPhone = Debug|iPhone
		Debug|iPhoneSimulator = Debug|iPhoneSimulator
		Debug|x64 = Debug|x64
		Debug|x86 = Debug|x86
		Release|Any CPU = Release|Any CPU
		Release|ARM = Release|ARM
		Release|iPhone = Release|iPhone
		Release|iPhoneSimulator = Release|iPhoneSimulator
		Release|x64 = Release|x64
		Release|x86 = Release|x86
	EndGlobalSection
	GlobalSection(ProjectConfigurationPlatforms) = postSolution
		{CFDF8185-7471-4EC1-A862-AC5BA59D0503}.Ad-Hoc|Any CPU.ActiveCfg = Release|Any CPU
		{CFDF8185-7471-4EC1-A862-AC5BA59D0503}.Ad-Hoc|Any CPU.Build.0 = Release|Any CPU
		{CFDF8185-7471-4EC1-A862-AC5BA59D0503}.Ad-Hoc|ARM.ActiveCfg = Release|Any CPU
		{CFDF8185-7471-4EC1-A862-AC5BA59D0503}.Ad-Hoc|ARM.Build.0 = Release|Any CPU
		{CFDF8185-7471-4EC1-A862-AC5BA59D0503}.Ad-Hoc|iPhone.ActiveCfg = Release|Any CPU
		{CFDF8185-7471-4EC1-A862-AC5BA59D0503}.Ad-Hoc|iPhone.Build.0 = Release|Any CPU
		{CFDF8185-7471-4EC1-A862-AC5BA59D0503}.Ad-Hoc|iPhoneSimulator.ActiveCfg = Release|Any CPU
		{CFDF8185-7471-4EC1-A862-AC5BA59D0503}.Ad-Hoc|iPhoneSimulator.Build.0 = Release|Any CPU
		{CFDF8185-7471-4EC1-A862-AC5BA59D0503}.Ad-Hoc|x64.ActiveCfg = Release|Any CPU
		{CFDF8185-7471-4EC1-A862-AC5BA59D0503}.Ad-Hoc|x64.Build.0 = Release|Any CPU
		{CFDF8185-7471-4EC1-A862-AC5BA59D0503}.Ad-Hoc|x86.ActiveCfg = Release|Any CPU
		{CFDF8185-7471-4EC1-A862-AC5BA59D0503}.Ad-Hoc|x86.Build.0 = Release|Any CPU
		{CFDF8185-7471-4EC1-A862-AC5BA59D0503}.AppStore|Any CPU.ActiveCfg = Release|Any CPU
		{CFDF8185-7471-4EC1-A862-AC5BA59D0503}.AppStore|Any CPU.Build.0 = Release|Any CPU
		{CFDF8185-7471-4EC1-A862-AC5BA59D0503}.AppStore|ARM.ActiveCfg = Release|Any CPU
		{CFDF8185-7471-4EC1-A862-AC5BA59D0503}.AppStore|ARM.Build.0 = Release|Any CPU
		{CFDF8185-7471-4EC1-A862-AC5BA59D0503}.AppStore|iPhone.ActiveCfg = Release|Any CPU
		{CFDF8185-7471-4EC1-A862-AC5BA59D0503}.AppStore|iPhone.Build.0 = Release|Any CPU
		{CFDF8185-7471-4EC1-A862-AC5BA59D0503}.AppStore|iPhoneSimulator.ActiveCfg = Release|Any CPU
		{CFDF8185-7471-4EC1-A862-AC5BA59D0503}.AppStore|iPhoneSimulator.Build.0 = Release|Any CPU
		{CFDF8185-7471-4EC1-A862-AC5BA59D0503}.AppStore|x64.ActiveCfg = Release|Any CPU
		{CFDF8185-7471-4EC1-A862-AC5BA59D0503}.AppStore|x64.Build.0 = Release|Any CPU
		{CFDF8185-7471-4EC1-A862-AC5BA59D0503}.AppStore|x86.ActiveCfg = Release|Any CPU
		{CFDF8185-7471-4EC1-A862-AC5BA59D0503}.AppStore|x86.Build.0 = Release|Any CPU
		{CFDF8185-7471-4EC1-A862-AC5BA59D0503}.Debug|Any CPU.ActiveCfg = Debug|Any CPU
		{CFDF8185-7471-4EC1-A862-AC5BA59D0503}.Debug|Any CPU.Build.0 = Debug|Any CPU
		{CFDF8185-7471-4EC1-A862-AC5BA59D0503}.Debug|ARM.ActiveCfg = Debug|Any CPU
		{CFDF8185-7471-4EC1-A862-AC5BA59D0503}.Debug|ARM.Build.0 = Debug|Any CPU
		{CFDF8185-7471-4EC1-A862-AC5BA59D0503}.Debug|iPhone.ActiveCfg = Debug|Any CPU
		{CFDF8185-7471-4EC1-A862-AC5BA59D0503}.Debug|iPhone.Build.0 = Debug|Any CPU
		{CFDF8185-7471-4EC1-A862-AC5BA59D0503}.Debug|iPhoneSimulator.ActiveCfg = Debug|Any CPU
		{CFDF8185-7471-4EC1-A862-AC5BA59D0503}.Debug|iPhoneSimulator.Build.0 = Debug|Any CPU
		{CFDF8185-7471-4EC1-A862-AC5BA59D0503}.Debug|x64.ActiveCfg = Debug|Any CPU
		{CFDF8185-7471-4EC1-A862-AC5BA59D0503}.Debug|x64.Build.0 = Debug|Any CPU
		{CFDF8185-7471-4EC1-A862-AC5BA59D0503}.Debug|x86.ActiveCfg = Debug|Any CPU
		{CFDF8185-7471-4EC1-A862-AC5BA59D0503}.Debug|x86.Build.0 = Debug|Any CPU
		{CFDF8185-7471-4EC1-A862-AC5BA59D0503}.Release|Any CPU.ActiveCfg = Release|Any CPU
		{CFDF8185-7471-4EC1-A862-AC5BA59D0503}.Release|Any CPU.Build.0 = Release|Any CPU
		{CFDF8185-7471-4EC1-A862-AC5BA59D0503}.Release|ARM.ActiveCfg = Release|Any CPU
		{CFDF8185-7471-4EC1-A862-AC5BA59D0503}.Release|ARM.Build.0 = Release|Any CPU
		{CFDF8185-7471-4EC1-A862-AC5BA59D0503}.Release|iPhone.ActiveCfg = Release|Any CPU
		{CFDF8185-7471-4EC1-A862-AC5BA59D0503}.Release|iPhone.Build.0 = Release|Any CPU
		{CFDF8185-7471-4EC1-A862-AC5BA59D0503}.Release|iPhoneSimulator.ActiveCfg = Release|Any CPU
		{CFDF8185-7471-4EC1-A862-AC5BA59D0503}.Release|iPhoneSimulator.Build.0 = Release|Any CPU
		{CFDF8185-7471-4EC1-A862-AC5BA59D0503}.Release|x64.ActiveCfg = Release|Any CPU
		{CFDF8185-7471-4EC1-A862-AC5BA59D0503}.Release|x64.Build.0 = Release|Any CPU
		{CFDF8185-7471-4EC1-A862-AC5BA59D0503}.Release|x86.ActiveCfg = Release|Any CPU
		{CFDF8185-7471-4EC1-A862-AC5BA59D0503}.Release|x86.Build.0 = Release|Any CPU
		{88766CBD-6188-4392-9C87-4E5216C519CB}.Ad-Hoc|Any CPU.ActiveCfg = Release|Any CPU
		{88766CBD-6188-4392-9C87-4E5216C519CB}.Ad-Hoc|Any CPU.Build.0 = Release|Any CPU
		{88766CBD-6188-4392-9C87-4E5216C519CB}.Ad-Hoc|Any CPU.Deploy.0 = Release|Any CPU
		{88766CBD-6188-4392-9C87-4E5216C519CB}.Ad-Hoc|ARM.ActiveCfg = Release|Any CPU
		{88766CBD-6188-4392-9C87-4E5216C519CB}.Ad-Hoc|ARM.Build.0 = Release|Any CPU
		{88766CBD-6188-4392-9C87-4E5216C519CB}.Ad-Hoc|ARM.Deploy.0 = Release|Any CPU
		{88766CBD-6188-4392-9C87-4E5216C519CB}.Ad-Hoc|iPhone.ActiveCfg = Release|Any CPU
		{88766CBD-6188-4392-9C87-4E5216C519CB}.Ad-Hoc|iPhone.Build.0 = Release|Any CPU
		{88766CBD-6188-4392-9C87-4E5216C519CB}.Ad-Hoc|iPhone.Deploy.0 = Release|Any CPU
		{88766CBD-6188-4392-9C87-4E5216C519CB}.Ad-Hoc|iPhoneSimulator.ActiveCfg = Release|Any CPU
		{88766CBD-6188-4392-9C87-4E5216C519CB}.Ad-Hoc|iPhoneSimulator.Build.0 = Release|Any CPU
		{88766CBD-6188-4392-9C87-4E5216C519CB}.Ad-Hoc|iPhoneSimulator.Deploy.0 = Release|Any CPU
		{88766CBD-6188-4392-9C87-4E5216C519CB}.Ad-Hoc|x64.ActiveCfg = Release|Any CPU
		{88766CBD-6188-4392-9C87-4E5216C519CB}.Ad-Hoc|x64.Build.0 = Release|Any CPU
		{88766CBD-6188-4392-9C87-4E5216C519CB}.Ad-Hoc|x64.Deploy.0 = Release|Any CPU
		{88766CBD-6188-4392-9C87-4E5216C519CB}.Ad-Hoc|x86.ActiveCfg = Release|Any CPU
		{88766CBD-6188-4392-9C87-4E5216C519CB}.Ad-Hoc|x86.Build.0 = Release|Any CPU
		{88766CBD-6188-4392-9C87-4E5216C519CB}.Ad-Hoc|x86.Deploy.0 = Release|Any CPU
		{88766CBD-6188-4392-9C87-4E5216C519CB}.AppStore|Any CPU.ActiveCfg = Release|Any CPU
		{88766CBD-6188-4392-9C87-4E5216C519CB}.AppStore|Any CPU.Build.0 = Release|Any CPU
		{88766CBD-6188-4392-9C87-4E5216C519CB}.AppStore|Any CPU.Deploy.0 = Release|Any CPU
		{88766CBD-6188-4392-9C87-4E5216C519CB}.AppStore|ARM.ActiveCfg = Release|Any CPU
		{88766CBD-6188-4392-9C87-4E5216C519CB}.AppStore|ARM.Build.0 = Release|Any CPU
		{88766CBD-6188-4392-9C87-4E5216C519CB}.AppStore|ARM.Deploy.0 = Release|Any CPU
		{88766CBD-6188-4392-9C87-4E5216C519CB}.AppStore|iPhone.ActiveCfg = Release|Any CPU
		{88766CBD-6188-4392-9C87-4E5216C519CB}.AppStore|iPhone.Build.0 = Release|Any CPU
		{88766CBD-6188-4392-9C87-4E5216C519CB}.AppStore|iPhone.Deploy.0 = Release|Any CPU
		{88766CBD-6188-4392-9C87-4E5216C519CB}.AppStore|iPhoneSimulator.ActiveCfg = Release|Any CPU
		{88766CBD-6188-4392-9C87-4E5216C519CB}.AppStore|iPhoneSimulator.Build.0 = Release|Any CPU
		{88766CBD-6188-4392-9C87-4E5216C519CB}.AppStore|iPhoneSimulator.Deploy.0 = Release|Any CPU
		{88766CBD-6188-4392-9C87-4E5216C519CB}.AppStore|x64.ActiveCfg = Release|Any CPU
		{88766CBD-6188-4392-9C87-4E5216C519CB}.AppStore|x64.Build.0 = Release|Any CPU
		{88766CBD-6188-4392-9C87-4E5216C519CB}.AppStore|x64.Deploy.0 = Release|Any CPU
		{88766CBD-6188-4392-9C87-4E5216C519CB}.AppStore|x86.ActiveCfg = Release|Any CPU
		{88766CBD-6188-4392-9C87-4E5216C519CB}.AppStore|x86.Build.0 = Release|Any CPU
		{88766CBD-6188-4392-9C87-4E5216C519CB}.AppStore|x86.Deploy.0 = Release|Any CPU
		{88766CBD-6188-4392-9C87-4E5216C519CB}.Debug|Any CPU.ActiveCfg = Debug|Any CPU
		{88766CBD-6188-4392-9C87-4E5216C519CB}.Debug|Any CPU.Build.0 = Debug|Any CPU
		{88766CBD-6188-4392-9C87-4E5216C519CB}.Debug|Any CPU.Deploy.0 = Debug|Any CPU
		{88766CBD-6188-4392-9C87-4E5216C519CB}.Debug|ARM.ActiveCfg = Debug|Any CPU
		{88766CBD-6188-4392-9C87-4E5216C519CB}.Debug|ARM.Build.0 = Debug|Any CPU
		{88766CBD-6188-4392-9C87-4E5216C519CB}.Debug|ARM.Deploy.0 = Debug|Any CPU
		{88766CBD-6188-4392-9C87-4E5216C519CB}.Debug|iPhone.ActiveCfg = Debug|Any CPU
		{88766CBD-6188-4392-9C87-4E5216C519CB}.Debug|iPhone.Build.0 = Debug|Any CPU
		{88766CBD-6188-4392-9C87-4E5216C519CB}.Debug|iPhone.Deploy.0 = Debug|Any CPU
		{88766CBD-6188-4392-9C87-4E5216C519CB}.Debug|iPhoneSimulator.ActiveCfg = Debug|Any CPU
		{88766CBD-6188-4392-9C87-4E5216C519CB}.Debug|iPhoneSimulator.Build.0 = Debug|Any CPU
		{88766CBD-6188-4392-9C87-4E5216C519CB}.Debug|iPhoneSimulator.Deploy.0 = Debug|Any CPU
		{88766CBD-6188-4392-9C87-4E5216C519CB}.Debug|x64.ActiveCfg = Debug|Any CPU
		{88766CBD-6188-4392-9C87-4E5216C519CB}.Debug|x64.Build.0 = Debug|Any CPU
		{88766CBD-6188-4392-9C87-4E5216C519CB}.Debug|x64.Deploy.0 = Debug|Any CPU
		{88766CBD-6188-4392-9C87-4E5216C519CB}.Debug|x86.ActiveCfg = Debug|Any CPU
		{88766CBD-6188-4392-9C87-4E5216C519CB}.Debug|x86.Build.0 = Debug|Any CPU
		{88766CBD-6188-4392-9C87-4E5216C519CB}.Debug|x86.Deploy.0 = Debug|Any CPU
		{88766CBD-6188-4392-9C87-4E5216C519CB}.Release|Any CPU.ActiveCfg = Release|Any CPU
		{88766CBD-6188-4392-9C87-4E5216C519CB}.Release|Any CPU.Build.0 = Release|Any CPU
		{88766CBD-6188-4392-9C87-4E5216C519CB}.Release|Any CPU.Deploy.0 = Release|Any CPU
		{88766CBD-6188-4392-9C87-4E5216C519CB}.Release|ARM.ActiveCfg = Release|Any CPU
		{88766CBD-6188-4392-9C87-4E5216C519CB}.Release|ARM.Build.0 = Release|Any CPU
		{88766CBD-6188-4392-9C87-4E5216C519CB}.Release|ARM.Deploy.0 = Release|Any CPU
		{88766CBD-6188-4392-9C87-4E5216C519CB}.Release|iPhone.ActiveCfg = Release|Any CPU
		{88766CBD-6188-4392-9C87-4E5216C519CB}.Release|iPhone.Build.0 = Release|Any CPU
		{88766CBD-6188-4392-9C87-4E5216C519CB}.Release|iPhone.Deploy.0 = Release|Any CPU
		{88766CBD-6188-4392-9C87-4E5216C519CB}.Release|iPhoneSimulator.ActiveCfg = Release|Any CPU
		{88766CBD-6188-4392-9C87-4E5216C519CB}.Release|iPhoneSimulator.Build.0 = Release|Any CPU
		{88766CBD-6188-4392-9C87-4E5216C519CB}.Release|iPhoneSimulator.Deploy.0 = Release|Any CPU
		{88766CBD-6188-4392-9C87-4E5216C519CB}.Release|x64.ActiveCfg = Release|Any CPU
		{88766CBD-6188-4392-9C87-4E5216C519CB}.Release|x64.Build.0 = Release|Any CPU
		{88766CBD-6188-4392-9C87-4E5216C519CB}.Release|x64.Deploy.0 = Release|Any CPU
		{88766CBD-6188-4392-9C87-4E5216C519CB}.Release|x86.ActiveCfg = Release|Any CPU
		{88766CBD-6188-4392-9C87-4E5216C519CB}.Release|x86.Build.0 = Release|Any CPU
		{88766CBD-6188-4392-9C87-4E5216C519CB}.Release|x86.Deploy.0 = Release|Any CPU
		{82C07B11-985D-4638-B13E-6AE41E80F03F}.Ad-Hoc|Any CPU.ActiveCfg = Ad-Hoc|iPhone
		{82C07B11-985D-4638-B13E-6AE41E80F03F}.Ad-Hoc|ARM.ActiveCfg = Ad-Hoc|iPhone
		{82C07B11-985D-4638-B13E-6AE41E80F03F}.Ad-Hoc|iPhone.ActiveCfg = Ad-Hoc|iPhone
		{82C07B11-985D-4638-B13E-6AE41E80F03F}.Ad-Hoc|iPhone.Build.0 = Ad-Hoc|iPhone
		{82C07B11-985D-4638-B13E-6AE41E80F03F}.Ad-Hoc|iPhoneSimulator.ActiveCfg = Ad-Hoc|iPhoneSimulator
		{82C07B11-985D-4638-B13E-6AE41E80F03F}.Ad-Hoc|iPhoneSimulator.Build.0 = Ad-Hoc|iPhoneSimulator
		{82C07B11-985D-4638-B13E-6AE41E80F03F}.Ad-Hoc|x64.ActiveCfg = Ad-Hoc|iPhone
		{82C07B11-985D-4638-B13E-6AE41E80F03F}.Ad-Hoc|x86.ActiveCfg = Ad-Hoc|iPhone
		{82C07B11-985D-4638-B13E-6AE41E80F03F}.AppStore|Any CPU.ActiveCfg = AppStore|iPhone
		{82C07B11-985D-4638-B13E-6AE41E80F03F}.AppStore|ARM.ActiveCfg = AppStore|iPhone
		{82C07B11-985D-4638-B13E-6AE41E80F03F}.AppStore|iPhone.ActiveCfg = AppStore|iPhone
		{82C07B11-985D-4638-B13E-6AE41E80F03F}.AppStore|iPhone.Build.0 = AppStore|iPhone
		{82C07B11-985D-4638-B13E-6AE41E80F03F}.AppStore|iPhoneSimulator.ActiveCfg = AppStore|iPhoneSimulator
		{82C07B11-985D-4638-B13E-6AE41E80F03F}.AppStore|iPhoneSimulator.Build.0 = AppStore|iPhoneSimulator
		{82C07B11-985D-4638-B13E-6AE41E80F03F}.AppStore|x64.ActiveCfg = AppStore|iPhone
		{82C07B11-985D-4638-B13E-6AE41E80F03F}.AppStore|x86.ActiveCfg = AppStore|iPhone
		{82C07B11-985D-4638-B13E-6AE41E80F03F}.Debug|Any CPU.ActiveCfg = Debug|iPhone
		{82C07B11-985D-4638-B13E-6AE41E80F03F}.Debug|ARM.ActiveCfg = Debug|iPhone
		{82C07B11-985D-4638-B13E-6AE41E80F03F}.Debug|iPhone.ActiveCfg = Debug|iPhone
		{82C07B11-985D-4638-B13E-6AE41E80F03F}.Debug|iPhone.Build.0 = Debug|iPhone
		{82C07B11-985D-4638-B13E-6AE41E80F03F}.Debug|iPhoneSimulator.ActiveCfg = Debug|iPhoneSimulator
		{82C07B11-985D-4638-B13E-6AE41E80F03F}.Debug|iPhoneSimulator.Build.0 = Debug|iPhoneSimulator
		{82C07B11-985D-4638-B13E-6AE41E80F03F}.Debug|x64.ActiveCfg = Debug|iPhone
		{82C07B11-985D-4638-B13E-6AE41E80F03F}.Debug|x86.ActiveCfg = Debug|iPhone
		{82C07B11-985D-4638-B13E-6AE41E80F03F}.Release|Any CPU.ActiveCfg = Release|iPhone
		{82C07B11-985D-4638-B13E-6AE41E80F03F}.Release|ARM.ActiveCfg = Release|iPhone
		{82C07B11-985D-4638-B13E-6AE41E80F03F}.Release|iPhone.ActiveCfg = Release|iPhone
		{82C07B11-985D-4638-B13E-6AE41E80F03F}.Release|iPhone.Build.0 = Release|iPhone
		{82C07B11-985D-4638-B13E-6AE41E80F03F}.Release|iPhoneSimulator.ActiveCfg = Release|iPhoneSimulator
		{82C07B11-985D-4638-B13E-6AE41E80F03F}.Release|iPhoneSimulator.Build.0 = Release|iPhoneSimulator
		{82C07B11-985D-4638-B13E-6AE41E80F03F}.Release|x64.ActiveCfg = Release|iPhone
		{82C07B11-985D-4638-B13E-6AE41E80F03F}.Release|x86.ActiveCfg = Release|iPhone
		{313C8C9B-3431-44C5-925C-E66B0D8BCA39}.Ad-Hoc|Any CPU.ActiveCfg = Release|Any CPU
		{313C8C9B-3431-44C5-925C-E66B0D8BCA39}.Ad-Hoc|Any CPU.Build.0 = Release|Any CPU
		{313C8C9B-3431-44C5-925C-E66B0D8BCA39}.Ad-Hoc|Any CPU.Deploy.0 = Release|Any CPU
		{313C8C9B-3431-44C5-925C-E66B0D8BCA39}.Ad-Hoc|ARM.ActiveCfg = Release|ARM
		{313C8C9B-3431-44C5-925C-E66B0D8BCA39}.Ad-Hoc|ARM.Build.0 = Release|ARM
		{313C8C9B-3431-44C5-925C-E66B0D8BCA39}.Ad-Hoc|ARM.Deploy.0 = Release|ARM
		{313C8C9B-3431-44C5-925C-E66B0D8BCA39}.Ad-Hoc|iPhone.ActiveCfg = Release|Any CPU
		{313C8C9B-3431-44C5-925C-E66B0D8BCA39}.Ad-Hoc|iPhone.Build.0 = Release|Any CPU
		{313C8C9B-3431-44C5-925C-E66B0D8BCA39}.Ad-Hoc|iPhone.Deploy.0 = Release|Any CPU
		{313C8C9B-3431-44C5-925C-E66B0D8BCA39}.Ad-Hoc|iPhoneSimulator.ActiveCfg = Release|Any CPU
		{313C8C9B-3431-44C5-925C-E66B0D8BCA39}.Ad-Hoc|iPhoneSimulator.Build.0 = Release|Any CPU
		{313C8C9B-3431-44C5-925C-E66B0D8BCA39}.Ad-Hoc|iPhoneSimulator.Deploy.0 = Release|Any CPU
		{313C8C9B-3431-44C5-925C-E66B0D8BCA39}.Ad-Hoc|x64.ActiveCfg = Release|Any CPU
		{313C8C9B-3431-44C5-925C-E66B0D8BCA39}.Ad-Hoc|x64.Build.0 = Release|Any CPU
		{313C8C9B-3431-44C5-925C-E66B0D8BCA39}.Ad-Hoc|x64.Deploy.0 = Release|Any CPU
		{313C8C9B-3431-44C5-925C-E66B0D8BCA39}.Ad-Hoc|x86.ActiveCfg = Release|x86
		{313C8C9B-3431-44C5-925C-E66B0D8BCA39}.Ad-Hoc|x86.Build.0 = Release|x86
		{313C8C9B-3431-44C5-925C-E66B0D8BCA39}.Ad-Hoc|x86.Deploy.0 = Release|x86
		{313C8C9B-3431-44C5-925C-E66B0D8BCA39}.AppStore|Any CPU.ActiveCfg = Release|Any CPU
		{313C8C9B-3431-44C5-925C-E66B0D8BCA39}.AppStore|Any CPU.Build.0 = Release|Any CPU
		{313C8C9B-3431-44C5-925C-E66B0D8BCA39}.AppStore|Any CPU.Deploy.0 = Release|Any CPU
		{313C8C9B-3431-44C5-925C-E66B0D8BCA39}.AppStore|ARM.ActiveCfg = Release|ARM
		{313C8C9B-3431-44C5-925C-E66B0D8BCA39}.AppStore|ARM.Build.0 = Release|ARM
		{313C8C9B-3431-44C5-925C-E66B0D8BCA39}.AppStore|ARM.Deploy.0 = Release|ARM
		{313C8C9B-3431-44C5-925C-E66B0D8BCA39}.AppStore|iPhone.ActiveCfg = Release|Any CPU
		{313C8C9B-3431-44C5-925C-E66B0D8BCA39}.AppStore|iPhone.Build.0 = Release|Any CPU
		{313C8C9B-3431-44C5-925C-E66B0D8BCA39}.AppStore|iPhone.Deploy.0 = Release|Any CPU
		{313C8C9B-3431-44C5-925C-E66B0D8BCA39}.AppStore|iPhoneSimulator.ActiveCfg = Release|Any CPU
		{313C8C9B-3431-44C5-925C-E66B0D8BCA39}.AppStore|iPhoneSimulator.Build.0 = Release|Any CPU
		{313C8C9B-3431-44C5-925C-E66B0D8BCA39}.AppStore|iPhoneSimulator.Deploy.0 = Release|Any CPU
		{313C8C9B-3431-44C5-925C-E66B0D8BCA39}.AppStore|x64.ActiveCfg = Release|Any CPU
		{313C8C9B-3431-44C5-925C-E66B0D8BCA39}.AppStore|x64.Build.0 = Release|Any CPU
		{313C8C9B-3431-44C5-925C-E66B0D8BCA39}.AppStore|x64.Deploy.0 = Release|Any CPU
		{313C8C9B-3431-44C5-925C-E66B0D8BCA39}.AppStore|x86.ActiveCfg = Release|x86
		{313C8C9B-3431-44C5-925C-E66B0D8BCA39}.AppStore|x86.Build.0 = Release|x86
		{313C8C9B-3431-44C5-925C-E66B0D8BCA39}.AppStore|x86.Deploy.0 = Release|x86
		{313C8C9B-3431-44C5-925C-E66B0D8BCA39}.Debug|Any CPU.ActiveCfg = Debug|Any CPU
		{313C8C9B-3431-44C5-925C-E66B0D8BCA39}.Debug|Any CPU.Build.0 = Debug|Any CPU
		{313C8C9B-3431-44C5-925C-E66B0D8BCA39}.Debug|Any CPU.Deploy.0 = Debug|Any CPU
		{313C8C9B-3431-44C5-925C-E66B0D8BCA39}.Debug|ARM.ActiveCfg = Debug|ARM
		{313C8C9B-3431-44C5-925C-E66B0D8BCA39}.Debug|ARM.Build.0 = Debug|ARM
		{313C8C9B-3431-44C5-925C-E66B0D8BCA39}.Debug|ARM.Deploy.0 = Debug|ARM
		{313C8C9B-3431-44C5-925C-E66B0D8BCA39}.Debug|iPhone.ActiveCfg = Debug|Any CPU
		{313C8C9B-3431-44C5-925C-E66B0D8BCA39}.Debug|iPhone.Build.0 = Debug|Any CPU
		{313C8C9B-3431-44C5-925C-E66B0D8BCA39}.Debug|iPhone.Deploy.0 = Debug|Any CPU
		{313C8C9B-3431-44C5-925C-E66B0D8BCA39}.Debug|iPhoneSimulator.ActiveCfg = Debug|Any CPU
		{313C8C9B-3431-44C5-925C-E66B0D8BCA39}.Debug|iPhoneSimulator.Build.0 = Debug|Any CPU
		{313C8C9B-3431-44C5-925C-E66B0D8BCA39}.Debug|iPhoneSimulator.Deploy.0 = Debug|Any CPU
		{313C8C9B-3431-44C5-925C-E66B0D8BCA39}.Debug|x64.ActiveCfg = Debug|Any CPU
		{313C8C9B-3431-44C5-925C-E66B0D8BCA39}.Debug|x64.Build.0 = Debug|Any CPU
		{313C8C9B-3431-44C5-925C-E66B0D8BCA39}.Debug|x64.Deploy.0 = Debug|Any CPU
		{313C8C9B-3431-44C5-925C-E66B0D8BCA39}.Debug|x86.ActiveCfg = Debug|x86
		{313C8C9B-3431-44C5-925C-E66B0D8BCA39}.Debug|x86.Build.0 = Debug|x86
		{313C8C9B-3431-44C5-925C-E66B0D8BCA39}.Debug|x86.Deploy.0 = Debug|x86
		{313C8C9B-3431-44C5-925C-E66B0D8BCA39}.Release|Any CPU.ActiveCfg = Release|Any CPU
		{313C8C9B-3431-44C5-925C-E66B0D8BCA39}.Release|Any CPU.Build.0 = Release|Any CPU
		{313C8C9B-3431-44C5-925C-E66B0D8BCA39}.Release|Any CPU.Deploy.0 = Release|Any CPU
		{313C8C9B-3431-44C5-925C-E66B0D8BCA39}.Release|ARM.ActiveCfg = Release|ARM
		{313C8C9B-3431-44C5-925C-E66B0D8BCA39}.Release|ARM.Build.0 = Release|ARM
		{313C8C9B-3431-44C5-925C-E66B0D8BCA39}.Release|ARM.Deploy.0 = Release|ARM
		{313C8C9B-3431-44C5-925C-E66B0D8BCA39}.Release|iPhone.ActiveCfg = Release|Any CPU
		{313C8C9B-3431-44C5-925C-E66B0D8BCA39}.Release|iPhone.Build.0 = Release|Any CPU
		{313C8C9B-3431-44C5-925C-E66B0D8BCA39}.Release|iPhone.Deploy.0 = Release|Any CPU
		{313C8C9B-3431-44C5-925C-E66B0D8BCA39}.Release|iPhoneSimulator.ActiveCfg = Release|Any CPU
		{313C8C9B-3431-44C5-925C-E66B0D8BCA39}.Release|iPhoneSimulator.Build.0 = Release|Any CPU
		{313C8C9B-3431-44C5-925C-E66B0D8BCA39}.Release|iPhoneSimulator.Deploy.0 = Release|Any CPU
		{313C8C9B-3431-44C5-925C-E66B0D8BCA39}.Release|x64.ActiveCfg = Release|Any CPU
		{313C8C9B-3431-44C5-925C-E66B0D8BCA39}.Release|x64.Build.0 = Release|Any CPU
		{313C8C9B-3431-44C5-925C-E66B0D8BCA39}.Release|x64.Deploy.0 = Release|Any CPU
		{313C8C9B-3431-44C5-925C-E66B0D8BCA39}.Release|x86.ActiveCfg = Release|x86
		{313C8C9B-3431-44C5-925C-E66B0D8BCA39}.Release|x86.Build.0 = Release|x86
		{313C8C9B-3431-44C5-925C-E66B0D8BCA39}.Release|x86.Deploy.0 = Release|x86
		{C9FF5077-62B7-4669-B489-C32F311B2054}.Ad-Hoc|Any CPU.ActiveCfg = Release|x86
		{C9FF5077-62B7-4669-B489-C32F311B2054}.Ad-Hoc|Any CPU.Build.0 = Release|x86
		{C9FF5077-62B7-4669-B489-C32F311B2054}.Ad-Hoc|Any CPU.Deploy.0 = Release|x86
		{C9FF5077-62B7-4669-B489-C32F311B2054}.Ad-Hoc|ARM.ActiveCfg = Release|ARM
		{C9FF5077-62B7-4669-B489-C32F311B2054}.Ad-Hoc|ARM.Build.0 = Release|ARM
		{C9FF5077-62B7-4669-B489-C32F311B2054}.Ad-Hoc|ARM.Deploy.0 = Release|ARM
		{C9FF5077-62B7-4669-B489-C32F311B2054}.Ad-Hoc|iPhone.ActiveCfg = Release|x86
		{C9FF5077-62B7-4669-B489-C32F311B2054}.Ad-Hoc|iPhone.Build.0 = Release|x86
		{C9FF5077-62B7-4669-B489-C32F311B2054}.Ad-Hoc|iPhone.Deploy.0 = Release|x86
		{C9FF5077-62B7-4669-B489-C32F311B2054}.Ad-Hoc|iPhoneSimulator.ActiveCfg = Release|x86
		{C9FF5077-62B7-4669-B489-C32F311B2054}.Ad-Hoc|iPhoneSimulator.Build.0 = Release|x86
		{C9FF5077-62B7-4669-B489-C32F311B2054}.Ad-Hoc|iPhoneSimulator.Deploy.0 = Release|x86
		{C9FF5077-62B7-4669-B489-C32F311B2054}.Ad-Hoc|x64.ActiveCfg = Release|x64
		{C9FF5077-62B7-4669-B489-C32F311B2054}.Ad-Hoc|x64.Build.0 = Release|x64
		{C9FF5077-62B7-4669-B489-C32F311B2054}.Ad-Hoc|x64.Deploy.0 = Release|x64
		{C9FF5077-62B7-4669-B489-C32F311B2054}.Ad-Hoc|x86.ActiveCfg = Release|x86
		{C9FF5077-62B7-4669-B489-C32F311B2054}.Ad-Hoc|x86.Build.0 = Release|x86
		{C9FF5077-62B7-4669-B489-C32F311B2054}.Ad-Hoc|x86.Deploy.0 = Release|x86
		{C9FF5077-62B7-4669-B489-C32F311B2054}.AppStore|Any CPU.ActiveCfg = Release|x86
		{C9FF5077-62B7-4669-B489-C32F311B2054}.AppStore|Any CPU.Build.0 = Release|x86
		{C9FF5077-62B7-4669-B489-C32F311B2054}.AppStore|Any CPU.Deploy.0 = Release|x86
		{C9FF5077-62B7-4669-B489-C32F311B2054}.AppStore|ARM.ActiveCfg = Release|ARM
		{C9FF5077-62B7-4669-B489-C32F311B2054}.AppStore|ARM.Build.0 = Release|ARM
		{C9FF5077-62B7-4669-B489-C32F311B2054}.AppStore|ARM.Deploy.0 = Release|ARM
		{C9FF5077-62B7-4669-B489-C32F311B2054}.AppStore|iPhone.ActiveCfg = Release|x86
		{C9FF5077-62B7-4669-B489-C32F311B2054}.AppStore|iPhone.Build.0 = Release|x86
		{C9FF5077-62B7-4669-B489-C32F311B2054}.AppStore|iPhone.Deploy.0 = Release|x86
		{C9FF5077-62B7-4669-B489-C32F311B2054}.AppStore|iPhoneSimulator.ActiveCfg = Release|x86
		{C9FF5077-62B7-4669-B489-C32F311B2054}.AppStore|iPhoneSimulator.Build.0 = Release|x86
		{C9FF5077-62B7-4669-B489-C32F311B2054}.AppStore|iPhoneSimulator.Deploy.0 = Release|x86
		{C9FF5077-62B7-4669-B489-C32F311B2054}.AppStore|x64.ActiveCfg = Release|x64
		{C9FF5077-62B7-4669-B489-C32F311B2054}.AppStore|x64.Build.0 = Release|x64
		{C9FF5077-62B7-4669-B489-C32F311B2054}.AppStore|x64.Deploy.0 = Release|x64
		{C9FF5077-62B7-4669-B489-C32F311B2054}.AppStore|x86.ActiveCfg = Release|x86
		{C9FF5077-62B7-4669-B489-C32F311B2054}.AppStore|x86.Build.0 = Release|x86
		{C9FF5077-62B7-4669-B489-C32F311B2054}.AppStore|x86.Deploy.0 = Release|x86
		{C9FF5077-62B7-4669-B489-C32F311B2054}.Debug|Any CPU.ActiveCfg = Debug|x86
		{C9FF5077-62B7-4669-B489-C32F311B2054}.Debug|ARM.ActiveCfg = Debug|ARM
		{C9FF5077-62B7-4669-B489-C32F311B2054}.Debug|ARM.Build.0 = Debug|ARM
		{C9FF5077-62B7-4669-B489-C32F311B2054}.Debug|ARM.Deploy.0 = Debug|ARM
		{C9FF5077-62B7-4669-B489-C32F311B2054}.Debug|iPhone.ActiveCfg = Debug|x86
		{C9FF5077-62B7-4669-B489-C32F311B2054}.Debug|iPhoneSimulator.ActiveCfg = Debug|x86
		{C9FF5077-62B7-4669-B489-C32F311B2054}.Debug|x64.ActiveCfg = Debug|x64
		{C9FF5077-62B7-4669-B489-C32F311B2054}.Debug|x64.Build.0 = Debug|x64
		{C9FF5077-62B7-4669-B489-C32F311B2054}.Debug|x64.Deploy.0 = Debug|x64
		{C9FF5077-62B7-4669-B489-C32F311B2054}.Debug|x86.ActiveCfg = Debug|x86
		{C9FF5077-62B7-4669-B489-C32F311B2054}.Debug|x86.Build.0 = Debug|x86
		{C9FF5077-62B7-4669-B489-C32F311B2054}.Debug|x86.Deploy.0 = Debug|x86
		{C9FF5077-62B7-4669-B489-C32F311B2054}.Release|Any CPU.ActiveCfg = Release|x86
		{C9FF5077-62B7-4669-B489-C32F311B2054}.Release|ARM.ActiveCfg = Release|ARM
		{C9FF5077-62B7-4669-B489-C32F311B2054}.Release|ARM.Build.0 = Release|ARM
		{C9FF5077-62B7-4669-B489-C32F311B2054}.Release|ARM.Deploy.0 = Release|ARM
		{C9FF5077-62B7-4669-B489-C32F311B2054}.Release|iPhone.ActiveCfg = Release|x86
		{C9FF5077-62B7-4669-B489-C32F311B2054}.Release|iPhoneSimulator.ActiveCfg = Release|x86
		{C9FF5077-62B7-4669-B489-C32F311B2054}.Release|x64.ActiveCfg = Release|x64
		{C9FF5077-62B7-4669-B489-C32F311B2054}.Release|x64.Build.0 = Release|x64
		{C9FF5077-62B7-4669-B489-C32F311B2054}.Release|x64.Deploy.0 = Release|x64
		{C9FF5077-62B7-4669-B489-C32F311B2054}.Release|x86.ActiveCfg = Release|x86
		{C9FF5077-62B7-4669-B489-C32F311B2054}.Release|x86.Build.0 = Release|x86
		{C9FF5077-62B7-4669-B489-C32F311B2054}.Release|x86.Deploy.0 = Release|x86
		{48CBA9B1-8A38-4548-9198-8D429935FE12}.Ad-Hoc|Any CPU.ActiveCfg = Release|Any CPU
		{48CBA9B1-8A38-4548-9198-8D429935FE12}.Ad-Hoc|Any CPU.Build.0 = Release|Any CPU
		{48CBA9B1-8A38-4548-9198-8D429935FE12}.Ad-Hoc|Any CPU.Deploy.0 = Release|Any CPU
		{48CBA9B1-8A38-4548-9198-8D429935FE12}.Ad-Hoc|ARM.ActiveCfg = Release|ARM
		{48CBA9B1-8A38-4548-9198-8D429935FE12}.Ad-Hoc|ARM.Build.0 = Release|ARM
		{48CBA9B1-8A38-4548-9198-8D429935FE12}.Ad-Hoc|ARM.Deploy.0 = Release|ARM
		{48CBA9B1-8A38-4548-9198-8D429935FE12}.Ad-Hoc|iPhone.ActiveCfg = Release|Any CPU
		{48CBA9B1-8A38-4548-9198-8D429935FE12}.Ad-Hoc|iPhone.Build.0 = Release|Any CPU
		{48CBA9B1-8A38-4548-9198-8D429935FE12}.Ad-Hoc|iPhone.Deploy.0 = Release|Any CPU
		{48CBA9B1-8A38-4548-9198-8D429935FE12}.Ad-Hoc|iPhoneSimulator.ActiveCfg = Release|Any CPU
		{48CBA9B1-8A38-4548-9198-8D429935FE12}.Ad-Hoc|iPhoneSimulator.Build.0 = Release|Any CPU
		{48CBA9B1-8A38-4548-9198-8D429935FE12}.Ad-Hoc|iPhoneSimulator.Deploy.0 = Release|Any CPU
		{48CBA9B1-8A38-4548-9198-8D429935FE12}.Ad-Hoc|x64.ActiveCfg = Release|x64
		{48CBA9B1-8A38-4548-9198-8D429935FE12}.Ad-Hoc|x64.Build.0 = Release|x64
		{48CBA9B1-8A38-4548-9198-8D429935FE12}.Ad-Hoc|x64.Deploy.0 = Release|x64
		{48CBA9B1-8A38-4548-9198-8D429935FE12}.Ad-Hoc|x86.ActiveCfg = Release|x86
		{48CBA9B1-8A38-4548-9198-8D429935FE12}.Ad-Hoc|x86.Build.0 = Release|x86
		{48CBA9B1-8A38-4548-9198-8D429935FE12}.Ad-Hoc|x86.Deploy.0 = Release|x86
		{48CBA9B1-8A38-4548-9198-8D429935FE12}.AppStore|Any CPU.ActiveCfg = Release|Any CPU
		{48CBA9B1-8A38-4548-9198-8D429935FE12}.AppStore|Any CPU.Build.0 = Release|Any CPU
		{48CBA9B1-8A38-4548-9198-8D429935FE12}.AppStore|Any CPU.Deploy.0 = Release|Any CPU
		{48CBA9B1-8A38-4548-9198-8D429935FE12}.AppStore|ARM.ActiveCfg = Release|ARM
		{48CBA9B1-8A38-4548-9198-8D429935FE12}.AppStore|ARM.Build.0 = Release|ARM
		{48CBA9B1-8A38-4548-9198-8D429935FE12}.AppStore|ARM.Deploy.0 = Release|ARM
		{48CBA9B1-8A38-4548-9198-8D429935FE12}.AppStore|iPhone.ActiveCfg = Release|Any CPU
		{48CBA9B1-8A38-4548-9198-8D429935FE12}.AppStore|iPhone.Build.0 = Release|Any CPU
		{48CBA9B1-8A38-4548-9198-8D429935FE12}.AppStore|iPhone.Deploy.0 = Release|Any CPU
		{48CBA9B1-8A38-4548-9198-8D429935FE12}.AppStore|iPhoneSimulator.ActiveCfg = Release|Any CPU
		{48CBA9B1-8A38-4548-9198-8D429935FE12}.AppStore|iPhoneSimulator.Build.0 = Release|Any CPU
		{48CBA9B1-8A38-4548-9198-8D429935FE12}.AppStore|iPhoneSimulator.Deploy.0 = Release|Any CPU
		{48CBA9B1-8A38-4548-9198-8D429935FE12}.AppStore|x64.ActiveCfg = Release|x64
		{48CBA9B1-8A38-4548-9198-8D429935FE12}.AppStore|x64.Build.0 = Release|x64
		{48CBA9B1-8A38-4548-9198-8D429935FE12}.AppStore|x64.Deploy.0 = Release|x64
		{48CBA9B1-8A38-4548-9198-8D429935FE12}.AppStore|x86.ActiveCfg = Release|x86
		{48CBA9B1-8A38-4548-9198-8D429935FE12}.AppStore|x86.Build.0 = Release|x86
		{48CBA9B1-8A38-4548-9198-8D429935FE12}.AppStore|x86.Deploy.0 = Release|x86
		{48CBA9B1-8A38-4548-9198-8D429935FE12}.Debug|Any CPU.ActiveCfg = Debug|Any CPU
		{48CBA9B1-8A38-4548-9198-8D429935FE12}.Debug|Any CPU.Build.0 = Debug|Any CPU
		{48CBA9B1-8A38-4548-9198-8D429935FE12}.Debug|Any CPU.Deploy.0 = Debug|Any CPU
		{48CBA9B1-8A38-4548-9198-8D429935FE12}.Debug|ARM.ActiveCfg = Debug|ARM
		{48CBA9B1-8A38-4548-9198-8D429935FE12}.Debug|ARM.Build.0 = Debug|ARM
		{48CBA9B1-8A38-4548-9198-8D429935FE12}.Debug|ARM.Deploy.0 = Debug|ARM
		{48CBA9B1-8A38-4548-9198-8D429935FE12}.Debug|iPhone.ActiveCfg = Debug|Any CPU
		{48CBA9B1-8A38-4548-9198-8D429935FE12}.Debug|iPhone.Build.0 = Debug|Any CPU
		{48CBA9B1-8A38-4548-9198-8D429935FE12}.Debug|iPhone.Deploy.0 = Debug|Any CPU
		{48CBA9B1-8A38-4548-9198-8D429935FE12}.Debug|iPhoneSimulator.ActiveCfg = Debug|Any CPU
		{48CBA9B1-8A38-4548-9198-8D429935FE12}.Debug|iPhoneSimulator.Build.0 = Debug|Any CPU
		{48CBA9B1-8A38-4548-9198-8D429935FE12}.Debug|iPhoneSimulator.Deploy.0 = Debug|Any CPU
		{48CBA9B1-8A38-4548-9198-8D429935FE12}.Debug|x64.ActiveCfg = Debug|x64
		{48CBA9B1-8A38-4548-9198-8D429935FE12}.Debug|x64.Build.0 = Debug|x64
		{48CBA9B1-8A38-4548-9198-8D429935FE12}.Debug|x64.Deploy.0 = Debug|x64
		{48CBA9B1-8A38-4548-9198-8D429935FE12}.Debug|x86.ActiveCfg = Debug|x86
		{48CBA9B1-8A38-4548-9198-8D429935FE12}.Debug|x86.Build.0 = Debug|x86
		{48CBA9B1-8A38-4548-9198-8D429935FE12}.Debug|x86.Deploy.0 = Debug|x86
		{48CBA9B1-8A38-4548-9198-8D429935FE12}.Release|Any CPU.ActiveCfg = Release|Any CPU
		{48CBA9B1-8A38-4548-9198-8D429935FE12}.Release|Any CPU.Build.0 = Release|Any CPU
		{48CBA9B1-8A38-4548-9198-8D429935FE12}.Release|Any CPU.Deploy.0 = Release|Any CPU
		{48CBA9B1-8A38-4548-9198-8D429935FE12}.Release|ARM.ActiveCfg = Release|ARM
		{48CBA9B1-8A38-4548-9198-8D429935FE12}.Release|ARM.Build.0 = Release|ARM
		{48CBA9B1-8A38-4548-9198-8D429935FE12}.Release|ARM.Deploy.0 = Release|ARM
		{48CBA9B1-8A38-4548-9198-8D429935FE12}.Release|iPhone.ActiveCfg = Release|Any CPU
		{48CBA9B1-8A38-4548-9198-8D429935FE12}.Release|iPhone.Build.0 = Release|Any CPU
		{48CBA9B1-8A38-4548-9198-8D429935FE12}.Release|iPhone.Deploy.0 = Release|Any CPU
		{48CBA9B1-8A38-4548-9198-8D429935FE12}.Release|iPhoneSimulator.ActiveCfg = Release|Any CPU
		{48CBA9B1-8A38-4548-9198-8D429935FE12}.Release|iPhoneSimulator.Build.0 = Release|Any CPU
		{48CBA9B1-8A38-4548-9198-8D429935FE12}.Release|iPhoneSimulator.Deploy.0 = Release|Any CPU
		{48CBA9B1-8A38-4548-9198-8D429935FE12}.Release|x64.ActiveCfg = Release|x64
		{48CBA9B1-8A38-4548-9198-8D429935FE12}.Release|x64.Build.0 = Release|x64
		{48CBA9B1-8A38-4548-9198-8D429935FE12}.Release|x64.Deploy.0 = Release|x64
		{48CBA9B1-8A38-4548-9198-8D429935FE12}.Release|x86.ActiveCfg = Release|x86
		{48CBA9B1-8A38-4548-9198-8D429935FE12}.Release|x86.Build.0 = Release|x86
		{48CBA9B1-8A38-4548-9198-8D429935FE12}.Release|x86.Deploy.0 = Release|x86
		{67F9D3A8-F71E-4428-913F-C37AE82CDB24}.Ad-Hoc|Any CPU.ActiveCfg = Release|Any CPU
		{67F9D3A8-F71E-4428-913F-C37AE82CDB24}.Ad-Hoc|Any CPU.Build.0 = Release|Any CPU
		{67F9D3A8-F71E-4428-913F-C37AE82CDB24}.Ad-Hoc|ARM.ActiveCfg = Release|Any CPU
		{67F9D3A8-F71E-4428-913F-C37AE82CDB24}.Ad-Hoc|ARM.Build.0 = Release|Any CPU
		{67F9D3A8-F71E-4428-913F-C37AE82CDB24}.Ad-Hoc|iPhone.ActiveCfg = Release|Any CPU
		{67F9D3A8-F71E-4428-913F-C37AE82CDB24}.Ad-Hoc|iPhone.Build.0 = Release|Any CPU
		{67F9D3A8-F71E-4428-913F-C37AE82CDB24}.Ad-Hoc|iPhoneSimulator.ActiveCfg = Release|Any CPU
		{67F9D3A8-F71E-4428-913F-C37AE82CDB24}.Ad-Hoc|iPhoneSimulator.Build.0 = Release|Any CPU
		{67F9D3A8-F71E-4428-913F-C37AE82CDB24}.Ad-Hoc|x64.ActiveCfg = Release|Any CPU
		{67F9D3A8-F71E-4428-913F-C37AE82CDB24}.Ad-Hoc|x64.Build.0 = Release|Any CPU
		{67F9D3A8-F71E-4428-913F-C37AE82CDB24}.Ad-Hoc|x86.ActiveCfg = Release|Any CPU
		{67F9D3A8-F71E-4428-913F-C37AE82CDB24}.Ad-Hoc|x86.Build.0 = Release|Any CPU
		{67F9D3A8-F71E-4428-913F-C37AE82CDB24}.AppStore|Any CPU.ActiveCfg = Release|Any CPU
		{67F9D3A8-F71E-4428-913F-C37AE82CDB24}.AppStore|Any CPU.Build.0 = Release|Any CPU
		{67F9D3A8-F71E-4428-913F-C37AE82CDB24}.AppStore|ARM.ActiveCfg = Release|Any CPU
		{67F9D3A8-F71E-4428-913F-C37AE82CDB24}.AppStore|ARM.Build.0 = Release|Any CPU
		{67F9D3A8-F71E-4428-913F-C37AE82CDB24}.AppStore|iPhone.ActiveCfg = Release|Any CPU
		{67F9D3A8-F71E-4428-913F-C37AE82CDB24}.AppStore|iPhone.Build.0 = Release|Any CPU
		{67F9D3A8-F71E-4428-913F-C37AE82CDB24}.AppStore|iPhoneSimulator.ActiveCfg = Release|Any CPU
		{67F9D3A8-F71E-4428-913F-C37AE82CDB24}.AppStore|iPhoneSimulator.Build.0 = Release|Any CPU
		{67F9D3A8-F71E-4428-913F-C37AE82CDB24}.AppStore|x64.ActiveCfg = Release|Any CPU
		{67F9D3A8-F71E-4428-913F-C37AE82CDB24}.AppStore|x64.Build.0 = Release|Any CPU
		{67F9D3A8-F71E-4428-913F-C37AE82CDB24}.AppStore|x86.ActiveCfg = Release|Any CPU
		{67F9D3A8-F71E-4428-913F-C37AE82CDB24}.AppStore|x86.Build.0 = Release|Any CPU
		{67F9D3A8-F71E-4428-913F-C37AE82CDB24}.Debug|Any CPU.ActiveCfg = Debug|Any CPU
		{67F9D3A8-F71E-4428-913F-C37AE82CDB24}.Debug|Any CPU.Build.0 = Debug|Any CPU
		{67F9D3A8-F71E-4428-913F-C37AE82CDB24}.Debug|ARM.ActiveCfg = Debug|Any CPU
		{67F9D3A8-F71E-4428-913F-C37AE82CDB24}.Debug|ARM.Build.0 = Debug|Any CPU
		{67F9D3A8-F71E-4428-913F-C37AE82CDB24}.Debug|iPhone.ActiveCfg = Debug|Any CPU
		{67F9D3A8-F71E-4428-913F-C37AE82CDB24}.Debug|iPhone.Build.0 = Debug|Any CPU
		{67F9D3A8-F71E-4428-913F-C37AE82CDB24}.Debug|iPhoneSimulator.ActiveCfg = Debug|Any CPU
		{67F9D3A8-F71E-4428-913F-C37AE82CDB24}.Debug|iPhoneSimulator.Build.0 = Debug|Any CPU
		{67F9D3A8-F71E-4428-913F-C37AE82CDB24}.Debug|x64.ActiveCfg = Debug|Any CPU
		{67F9D3A8-F71E-4428-913F-C37AE82CDB24}.Debug|x64.Build.0 = Debug|Any CPU
		{67F9D3A8-F71E-4428-913F-C37AE82CDB24}.Debug|x86.ActiveCfg = Debug|Any CPU
		{67F9D3A8-F71E-4428-913F-C37AE82CDB24}.Debug|x86.Build.0 = Debug|Any CPU
		{67F9D3A8-F71E-4428-913F-C37AE82CDB24}.Release|Any CPU.ActiveCfg = Release|Any CPU
		{67F9D3A8-F71E-4428-913F-C37AE82CDB24}.Release|Any CPU.Build.0 = Release|Any CPU
		{67F9D3A8-F71E-4428-913F-C37AE82CDB24}.Release|ARM.ActiveCfg = Release|Any CPU
		{67F9D3A8-F71E-4428-913F-C37AE82CDB24}.Release|ARM.Build.0 = Release|Any CPU
		{67F9D3A8-F71E-4428-913F-C37AE82CDB24}.Release|iPhone.ActiveCfg = Release|Any CPU
		{67F9D3A8-F71E-4428-913F-C37AE82CDB24}.Release|iPhone.Build.0 = Release|Any CPU
		{67F9D3A8-F71E-4428-913F-C37AE82CDB24}.Release|iPhoneSimulator.ActiveCfg = Release|Any CPU
		{67F9D3A8-F71E-4428-913F-C37AE82CDB24}.Release|iPhoneSimulator.Build.0 = Release|Any CPU
		{67F9D3A8-F71E-4428-913F-C37AE82CDB24}.Release|x64.ActiveCfg = Release|Any CPU
		{67F9D3A8-F71E-4428-913F-C37AE82CDB24}.Release|x64.Build.0 = Release|Any CPU
		{67F9D3A8-F71E-4428-913F-C37AE82CDB24}.Release|x86.ActiveCfg = Release|Any CPU
		{67F9D3A8-F71E-4428-913F-C37AE82CDB24}.Release|x86.Build.0 = Release|Any CPU
	EndGlobalSection
	GlobalSection(SolutionProperties) = preSolution
		HideSolutionNode = FALSE
	EndGlobalSection
EndGlobal
